
Microsoft Visual Studio Solution File, Format Version 12.00
# Visual Studio Version 17
VisualStudioVersion = 17.11.35303.130
MinimumVisualStudioVersion = 10.0.40219.1
Project("{FAE04EC0-301F-11D3-BF4B-00C04F79EFBC}") = "Ejer2", "Ejer2\Ejer2.csproj", "{EC4220B5-1E28-4BB6-B271-ED2F37DFB409}"
EndProject
Global
	GlobalSection(SolutionConfigurationPlatforms) = preSolution
		Debug|Any CPU = Debug|Any CPU
		Release|Any CPU = Release|Any CPU
	EndGlobalSection
	GlobalSection(ProjectConfigurationPlatforms) = postSolution
		{EC4220B5-1E28-4BB6-B271-ED2F37DFB409}.Debug|Any CPU.ActiveCfg = Debug|Any CPU
		{EC4220B5-1E28-4BB6-B271-ED2F37DFB409}.Debug|Any CPU.Build.0 = Debug|Any CPU
		{EC4220B5-1E28-4BB6-B271-ED2F37DFB409}.Release|Any CPU.ActiveCfg = Release|Any CPU
		{EC4220B5-1E28-4BB6-B271-ED2F37DFB409}.Release|Any CPU.Build.0 = Release|Any CPU
	EndGlobalSection
	GlobalSection(SolutionProperties) = preSolution
		HideSolutionNode = FALSE
	EndGlobalSection
	GlobalSection(ExtensibilityGlobals) = postSolution
		SolutionGuid = {55AD4931-DF70-4990-AB2C-0BB23C1491E1}
	EndGlobalSection
EndGlobal
